
Microsoft Visual Studio Solution File, Format Version 12.00
# Visual Studio Version 17
VisualStudioVersion = 17.14.36202.13
MinimumVisualStudioVersion = 10.0.40219.1
Project("{FAE04EC0-301F-11D3-BF4B-00C04F79EFBC}") = "Creational", "C#\Creational\Creational.csproj", "{579352B8-CB53-45E3-9EBA-BD22596A8660}"
EndProject
Project("{FAE04EC0-301F-11D3-BF4B-00C04F79EFBC}") = "Structural", "C#\Structural\Structural.csproj", "{9325AA49-30A4-4FC7-A7FC-3B87729C207B}"
EndProject
Project("{FAE04EC0-301F-11D3-BF4B-00C04F79EFBC}") = "Behavioral", "C#\Behavioral\Behavioral.csproj", "{31C4C194-F086-4720-BCCA-EC027B04BC6B}"
EndProject
Global
	GlobalSection(SolutionConfigurationPlatforms) = preSolution
		Debug|Any CPU = Debug|Any CPU
		Release|Any CPU = Release|Any CPU
	EndGlobalSection
	GlobalSection(ProjectConfigurationPlatforms) = postSolution
		{579352B8-CB53-45E3-9EBA-BD22596A8660}.Debug|Any CPU.ActiveCfg = Debug|Any CPU
		{579352B8-CB53-45E3-9EBA-BD22596A8660}.Debug|Any CPU.Build.0 = Debug|Any CPU
		{579352B8-CB53-45E3-9EBA-BD22596A8660}.Release|Any CPU.ActiveCfg = Release|Any CPU
		{579352B8-CB53-45E3-9EBA-BD22596A8660}.Release|Any CPU.Build.0 = Release|Any CPU
		{9325AA49-30A4-4FC7-A7FC-3B87729C207B}.Debug|Any CPU.ActiveCfg = Debug|Any CPU
		{9325AA49-30A4-4FC7-A7FC-3B87729C207B}.Debug|Any CPU.Build.0 = Debug|Any CPU
		{9325AA49-30A4-4FC7-A7FC-3B87729C207B}.Release|Any CPU.ActiveCfg = Release|Any CPU
		{9325AA49-30A4-4FC7-A7FC-3B87729C207B}.Release|Any CPU.Build.0 = Release|Any CPU
		{31C4C194-F086-4720-BCCA-EC027B04BC6B}.Debug|Any CPU.ActiveCfg = Debug|Any CPU
		{31C4C194-F086-4720-BCCA-EC027B04BC6B}.Debug|Any CPU.Build.0 = Debug|Any CPU
		{31C4C194-F086-4720-BCCA-EC027B04BC6B}.Release|Any CPU.ActiveCfg = Release|Any CPU
		{31C4C194-F086-4720-BCCA-EC027B04BC6B}.Release|Any CPU.Build.0 = Release|Any CPU
	EndGlobalSection
	GlobalSection(SolutionProperties) = preSolution
		HideSolutionNode = FALSE
	EndGlobalSection
	GlobalSection(ExtensibilityGlobals) = postSolution
		SolutionGuid = {25DE1710-BF03-4102-BE14-87237C96DC05}
	EndGlobalSection
EndGlobal
